#MicroXplorer Configuration settings - do not modify
Mcu.Family=STM32L5
ProjectManager.MainLocation=Core/Src
Dma.SPI2_TX.0.MemInc=DMA_MINC_ENABLE
USB_DEVICE.CLASS_NAME_FS=CDC
RCC.USART1Freq_Value=80000000
RCC.OCTOSPIMFreq_Value=80000000
RCC.SAI1Freq_Value=20000000
RCC.CortexFreq_Value=80000000
Dma.ADC1.1.MemDataAlignment=DMA_MDATAALIGN_HALFWORD
ProjectManager.KeepUserCode=true
Mcu.UserName=STM32L552CETx
ADC1.Overrun=ADC_OVR_DATA_OVERWRITTEN
SPI2.VirtualType=VM_MASTER
ADC1.ContinuousConvMode=ENABLE
FDCAN1.ExtFiltersNbr=1
FDCAN1.DataSyncJumpWidth=2
PH0-OSC_IN\ (PH0).Signal=RCC_OSC_IN
VP_IWDG_VS_IWDG.Mode=IWDG_Activate
RCC.PLLSAI1RoutputFreq_Value=17500000
Dma.ADC1.1.SyncEnable=DISABLE
PA0.GPIO_Label=ECUD_EN
ProjectManager.functionlistsort=1-MX_GPIO_Init-GPIO-false-HAL-true,2-MX_DMA_Init-DMA-false-HAL-true,3-SystemClock_Config-RCC-false-HAL-false,4-MX_USB_Device_Init-USB_DEVICE-false-HAL-false,5-MX_ICACHE_Init-ICACHE-false-HAL-true,6-MX_RNG_Init-RNG-false-HAL-true,7-MX_FDCAN1_Init-FDCAN1-false-HAL-true,8-MX_SPI2_Init-SPI2-false-HAL-true,9-MX_ADC1_Init-ADC1-false-HAL-true,10-MX_IWDG_Init-IWDG-false-HAL-true,11-MX_CRC_Init-CRC-false-HAL-true,0-MX_PWR_Init-PWR-false-HAL-true
PA11.Mode=Device
RCC.RTCFreq_Value=32000
Dma.SPI2_TX.0.Channel_PRIV_NPRIV=DMA_CHANNEL_NPRIV_DISABLE
PB6.GPIO_Label=FDCAN1_STB
NVIC.TIM1_UP_IRQn=true\:0\:0\:false\:false\:true\:false\:false\:true
RCC.USART2Freq_Value=80000000
Dma.SPI2_TX.0.RequestParameters=Instance,Direction,PeriphInc,MemInc,PeriphDataAlignment,MemDataAlignment,Mode,Priority,SignalID,Polarity,RequestNumber,SyncSignalID,SyncPolarity,SyncEnable,EventEnable,SyncRequestNumber,Channel_PRIV_NPRIV
PC13.GPIO_Label=ECUC_EN
PB13.Signal=SPI2_SCK
PB15.Signal=SPI2_MOSI
Dma.SPI2_TX.0.Instance=DMA1_Channel1
PinOutPanel.RotationAngle=0
RCC.MCO1PinFreq_Value=80000000
RCC.SYSCLKSource=RCC_SYSCLKSOURCE_PLLCLK
ProjectManager.StackSize=0x4000
PB5.GPIOParameters=GPIO_Label
VP_FREERTOS_VS_CMSIS_V2.Mode=CMSIS_V2
Dma.SPI2_TX.0.MemDataAlignment=DMA_MDATAALIGN_BYTE
RCC.VCOInput3Freq_Value=4000000
RCC.I2C3Freq_Value=80000000
RCC.LPTIM1Freq_Value=80000000
Mcu.IP4=FREERTOS
Mcu.IP5=ICACHE
RCC.FCLKCortexFreq_Value=80000000
USB_DEVICE.MANUFACTURER_STRING=Toyota Motor Corporation
Mcu.IP2=DMA
NVIC.SVCall_IRQn=true\:0\:0\:false\:false\:false\:false\:false\:false
Mcu.IP3=FDCAN1
Mcu.IP0=ADC1
FREERTOS.configENABLE_FPU=1
Mcu.IP1=CRC
PA12.Signal=USB_DP
PC15-OSC32_OUT\ (PC15).GPIOParameters=GPIO_Label
Mcu.UserConstants=
RCC.VCOSAI1OutputFreq_Value=140000000
Dma.SPI2_TX.0.SignalID=NONE
Dma.ADC1.1.Instance=DMA2_Channel1
Dma.ADC1.1.SyncPolarity=HAL_DMAMUX_SYNC_NO_EVENT
Mcu.ThirdPartyNb=0
Dma.SPI2_TX.0.SyncSignalID=NONE
FREERTOS.configUSE_STATS_FORMATTING_FUNCTIONS=0
RCC.HCLKFreq_Value=80000000
RCC.I2C4Freq_Value=80000000
Mcu.IPNb=15
ProjectManager.PreviousToolchain=
RCC.APB2TimFreq_Value=80000000
PB6.Signal=GPIO_Output
USB_DEVICE.USBD_LPM_ENABLED=0
ADC1.Channel-2\#ChannelRegularConversion=ADC_CHANNEL_10
Dma.ADC1.1.PeriphDataAlignment=DMA_PDATAALIGN_HALFWORD
VP_RCC_USB.Mode=CRS SYNC Source USB
PA8.GPIOParameters=GPIO_Label
Mcu.Pin6=PA1
RCC.SAI2Freq_Value=20000000
Mcu.Pin7=PA4
Mcu.Pin8=PA5
RCC.HSICalibrationValue=64
Mcu.Pin9=PB2
FDCAN1.FrameFormat=FDCAN_FRAME_FD_BRS
Dma.SPI2_TX.0.Mode=DMA_NORMAL
FREERTOS.IPParameters=Tasks01,configMINIMAL_STACK_SIZE,FootprintOK,configENABLE_FPU,configTOTAL_HEAP_SIZE,configCHECK_FOR_STACK_OVERFLOW,configGENERATE_RUN_TIME_STATS,configUSE_STATS_FORMATTING_FUNCTIONS,configRECORD_STACK_HIGH_ADDRESS,configUSE_TRACE_FACILITY
FREERTOS.configMINIMAL_STACK_SIZE=256
RCC.AHBFreq_Value=80000000
SPI2.BaudRatePrescaler=SPI_BAUDRATEPRESCALER_8
PB13.Locked=true
Mcu.Pin0=PC13
Mcu.Pin1=PC14-OSC32_IN (PC14)
GPIO.groupedBy=Group By Peripherals
Mcu.Pin2=PC15-OSC32_OUT (PC15)
Mcu.Pin3=PH0-OSC_IN (PH0)
RCC.USART3Freq_Value=80000000
Mcu.Pin4=PH1-OSC_OUT (PH1)
Mcu.Pin5=PA0
ADC1.Channel-0\#ChannelRegularConversion=ADC_CHANNEL_6
ProjectManager.ProjectBuild=false
PH1-OSC_OUT\ (PH1).Mode=HSE-External-Oscillator
RCC.HSE_VALUE=10000000
RCC.MSICalibrationValue=16
Dma.ADC1.1.Channel_PRIV_NPRIV=DMA_CHANNEL_NPRIV_DISABLE
NVIC.UsageFault_IRQn=true\:0\:0\:false\:false\:true\:false\:false\:false
PA0.Locked=true
NVIC.DebugMonitor_IRQn=true\:0\:0\:false\:false\:true\:false\:false\:false
PB2.Signal=GPIO_Output
PA8.Locked=true
PA4.Locked=true
Mcu.ContextProject=TrustZoneDisabled
Mcu.IP10=RNG
NVIC.SysTick_IRQn=true\:7\:0\:false\:false\:false\:true\:false\:true
Mcu.IP12=SYS
Dma.SPI2_TX.0.SyncPolarity=HAL_DMAMUX_SYNC_NO_EVENT
FDCAN1.ClockDivider=FDCAN_CLOCK_DIV1
Mcu.IP11=SPI2
PB12.GPIO_Label=LCD_DC
ProjectManager.FirmwarePackage=STM32Cube FW_L5 V1.4.0
MxDb.Version=DB.6.0.21
ADC1.Rank-2\#ChannelRegularConversion=3
Mcu.IP14=USB_DEVICE
FDCAN1.StdFiltersNbr=1
Mcu.IP13=USB
USB_DEVICE.USBD_SELF_POWERED=0
ProjectManager.BackupPrevious=false
RCC.VCOInputFreq_Value=10000000
Dma.ADC1.1.RequestParameters=Instance,Direction,PeriphInc,MemInc,PeriphDataAlignment,MemDataAlignment,Mode,Priority,SignalID,Polarity,RequestNumber,SyncSignalID,SyncPolarity,SyncEnable,EventEnable,SyncRequestNumber,Channel_PRIV_NPRIV
VP_SYS_VS_tim1.Mode=TIM1
FDCAN1.NominalPrescaler=1
File.Version=6
Dma.ADC1.1.Priority=DMA_PRIORITY_LOW
SPI2.CalculateBaudRate=10.0 MBits/s
Dma.SPI2_TX.0.EventEnable=DISABLE
PB7.Signal=GPIO_Output
Dma.ADC1.1.Mode=DMA_CIRCULAR
PA8.Signal=GPIO_Output
PB8.Locked=true
NVIC.SPI2_IRQn=true\:5\:0\:false\:false\:true\:true\:true\:true
RCC.PLLRCLKFreq_Value=80000000
PB6.Locked=true
NVIC.PendSV_IRQn=true\:7\:0\:false\:false\:false\:true\:false\:false
SH.ADCx_IN6.ConfNb=1
Dma.SPI2_TX.0.RequestNumber=1
Dma.RequestsNb=2
PB6.GPIOParameters=GPIO_Label
NVIC.FDCAN1_IT1_IRQn=true\:5\:0\:false\:false\:true\:true\:true\:true
FDCAN1.TxFifoQueueMode=FDCAN_TX_FIFO_OPERATION
ProjectManager.HalAssertFull=false
ADC1.SamplingTime-0\#ChannelRegularConversion=ADC_SAMPLETIME_2CYCLES_5
FDCAN1.NominalTimeSeg2=19
FREERTOS.configTOTAL_HEAP_SIZE=8192
FDCAN1.NominalTimeSeg1=20
RCC.CRSFreq_Value=48000000
ProjectManager.ProjectName=RAMNV1
PA0.Signal=GPIO_Output
PB7.GPIO_Label=ECUB_BOOT0
VP_RCC_USB.Signal=RCC_USB
PB9.Signal=FDCAN1_TX
Mcu.Package=LQFP48
PA5.Locked=true
NVIC.TimeBase=TIM1_UP_IRQn
SPI2.Mode=SPI_MODE_MASTER
Dma.ADC1.1.Direction=DMA_PERIPH_TO_MEMORY
ProjectManager.ToolChainLocation=
RCC.LSI_VALUE=32000
Dma.ADC1.1.MemInc=DMA_MINC_ENABLE
IWDG.Reload=1000
NVIC.TimeBaseIP=TIM1
RCC.LSCOPinFreq_Value=32000
FREERTOS.FootprintOK=true
ADC1.OffsetNumber-1\#ChannelRegularConversion=ADC_OFFSET_NONE
VP_USB_DEVICE_VS_USB_DEVICE_CDC_FS.Signal=USB_DEVICE_VS_USB_DEVICE_CDC_FS
RCC.DFSDMFreq_Value=80000000
SH.ADCx_IN9.0=ADC1_IN9,IN9-Single-Ended
VP_PWR_VS_DBSignals.Mode=DisableDeadBatterySignals
VP_PWR_VS_DBSignals.Signal=PWR_VS_DBSignals
Dma.SPI2_TX.0.PeriphInc=DMA_PINC_DISABLE
PC14-OSC32_IN\ (PC14).Locked=true
PB5.GPIO_Label=ECUB_EN
RCC.PLLPoutputFreq_Value=22857142.85714286
FDCAN1.DataTimeSeg2=2
Dma.Request1=ADC1
FDCAN1.DataTimeSeg1=20
RCC.APB1TimFreq_Value=80000000
FREERTOS.configGENERATE_RUN_TIME_STATS=0
NVIC.BusFault_IRQn=true\:0\:0\:false\:false\:true\:false\:false\:false
RCC.LPUART1Freq_Value=80000000
SPI2.Direction=SPI_DIRECTION_2LINES
SH.ADCx_IN9.ConfNb=1
PB13.Mode=TX_Only_Simplex_Unidirect_Master
RCC.CK48CLockSelection=RCC_USBCLKSOURCE_HSI48
RCC.DFSDMAudioFreq_Value=4000000
Dma.Request0=SPI2_TX
PH0-OSC_IN\ (PH0).Mode=HSE-External-Oscillator
NVIC.USB_FS_IRQn=true\:5\:0\:false\:false\:true\:true\:true\:true
ProjectManager.CustomerFirmwarePackage=
RCC.PLLSAI1R=RCC_PLLR_DIV8
RCC.HSI48_VALUE=48000000
Dma.ADC1.1.SignalID=NONE
PB15.Locked=true
RCC.PLLSAI1N=28
NVIC.FDCAN1_IT0_IRQn=true\:5\:0\:false\:false\:true\:true\:true\:true
RCC.PLLSAI1M=2
RCC.MSI_VALUE=4000000
RCC.PLLSourceVirtual=RCC_PLLSOURCE_HSE
RCC.PLLQoutputFreq_Value=20000000
ProjectManager.ProjectFileName=RAMNV1.ioc
PC15-OSC32_OUT\ (PC15).GPIO_Label=ECUD_BOOT0
Dma.SPI2_TX.0.Polarity=HAL_DMAMUX_REQ_GEN_RISING
FREERTOS.Tasks01=RAMN_ReceiveUSB,24,256,RAMN_ReceiveUSBFunc,Default,NULL,Static,RAMN_ReceiveUSBFuncBuffer,RAMN_ReceiveUSBFuncControlBlock;RAMN_ReceiveCAN,24,256,RAMN_ReceiveCANFunc,Default,NULL,Static,RAMN_ReceiveCANBuffer,RAMN_ReceiveCANControlBlock;RAMN_SendCAN,40,256,RAMN_SendCANFunc,Default,NULL,Static,RAMN_SendCANBuffer,RAMN_SendCANControlBlock;RAMN_Periodic,32,256,RAMN_PeriodicTaskFunc,Default,NULL,Static,RAMN_PeriodicBuffer,RAMN_PeriodicControlBlock;RAMN_ErrorTask,49,256,RAMN_ErrorTaskFunc,Default,NULL,Static,RAMN_ErrorTaskBuffer,RAMN_ErrorTaskControlBlock;RAMN_DiagRX,16,1024,RAMN_DiagRXFunc,Default,NULL,Static,RAMN_DiagRXBuffer,RAMN_DiagRXControlBlock;RAMN_DiagTX,15,512,RAMN_DiagTXFunc,Default,NULL,Static,RAMN_DiagTXBuffer,RAMN_DiagTXControlBlock;RAMN_SendUSB,48,256,RAMN_SendUSBFunc,Default,NULL,Static,RAMN_SendUSBBuffer,RAMN_SendUSBControlBlock
ADC1.Rank-0\#ChannelRegularConversion=1
Mcu.PinsNb=31
VP_ICACHE_VS_ICACHE.Signal=ICACHE_VS_ICACHE
ProjectManager.NoMain=false
USB_DEVICE.VirtualModeFS=Cdc_FS
SH.ADCx_IN6.0=ADC1_IN6,IN6-Single-Ended
Dma.ADC1.1.SyncSignalID=NONE
ADC1.IPParameters=Rank-0\#ChannelRegularConversion,Channel-0\#ChannelRegularConversion,SamplingTime-0\#ChannelRegularConversion,OffsetNumber-0\#ChannelRegularConversion,NbrOfConversionFlag,master,ClockPrescaler,ContinuousConvMode,DMAContinuousRequests,Overrun,Rank-1\#ChannelRegularConversion,Channel-1\#ChannelRegularConversion,SamplingTime-1\#ChannelRegularConversion,OffsetNumber-1\#ChannelRegularConversion,Rank-2\#ChannelRegularConversion,Channel-2\#ChannelRegularConversion,SamplingTime-2\#ChannelRegularConversion,OffsetNumber-2\#ChannelRegularConversion,NbrOfConversion
PC13.Locked=true
ADC1.OffsetNumber-0\#ChannelRegularConversion=ADC_OFFSET_NONE
NVIC.SavedSvcallIrqHandlerGenerated=true
PC13.Signal=GPIO_Output
Dma.ADC1.1.RequestNumber=1
FREERTOS.configCHECK_FOR_STACK_OVERFLOW=2
ProjectManager.DefaultFWLocation=true
PC15-OSC32_OUT\ (PC15).Signal=GPIO_Output
PB12.Locked=true
ProjectManager.DeletePrevious=true
PB14.Locked=true
VP_RNG_VS_RNG.Mode=RNG_Activate
RCC.VCOSAI2OutputFreq_Value=32000000
FDCAN1.IPParameters=NominalTimeSeg1,NominalTimeSeg2,DataPrescaler,DataTimeSeg1,DataTimeSeg2,NominalPrescaler,ClockDivider,FrameFormat,AutoRetransmission,StdFiltersNbr,TxFifoQueueMode,NominalSyncJumpWidth,DataSyncJumpWidth,ExtFiltersNbr
USB_DEVICE.IPParameters=VirtualMode,VirtualModeFS,CLASS_NAME_FS,USBD_MAX_STR_DESC_SIZ,USBD_LPM_ENABLED,USBD_SELF_POWERED,MANUFACTURER_STRING,PRODUCT_STRING_CDC_FS
ADC1.SamplingTime-2\#ChannelRegularConversion=ADC_SAMPLETIME_2CYCLES_5
RCC.FamilyName=M
PH1-OSC_OUT\ (PH1).Signal=RCC_OSC_OUT
PC14-OSC32_IN\ (PC14).GPIO_Label=ECUC_BOOT0
RCC.WatchDogFreq_Value=32000
PA11.Locked=true
PA8.GPIO_Label=TPM_nCS
Dma.SPI2_TX.0.SyncRequestNumber=1
FREERTOS.configRECORD_STACK_HIGH_ADDRESS=0
ProjectManager.TargetToolchain=STM32CubeIDE
USB_DEVICE.PRODUCT_STRING_CDC_FS=RAMN Virtual ComPort
FREERTOS.configUSE_TRACE_FACILITY=1
VP_CRC_VS_CRC.Signal=CRC_VS_CRC
PB7.GPIOParameters=GPIO_Label
VP_RNG_VS_RNG.Signal=RNG_VS_RNG
VP_USB_DEVICE_VS_USB_DEVICE_CDC_FS.Mode=CDC_FS
PB9.Mode=FDCAN_Activate
PB2.GPIOParameters=GPIO_Label
ADC1.Channel-1\#ChannelRegularConversion=ADC_CHANNEL_9
RCC.FDCANClockSelection=RCC_FDCANCLKSOURCE_PLLSAI1
PB5.Locked=true
PB9.Locked=true
SPI2.IPParameters=VirtualType,Mode,Direction,CalculateBaudRate,BaudRatePrescaler,DataSize
Dma.SPI2_TX.0.SyncEnable=DISABLE
ProjectManager.RegisterCallBack=
PC15-OSC32_OUT\ (PC15).Locked=true
RCC.USBFreq_Value=48000000
Dma.ADC1.1.Polarity=HAL_DMAMUX_REQ_GEN_RISING
RCC.LSE_VALUE=32768
PA1.Signal=ADCx_IN6
RCC.PLLSAI1PoutputFreq_Value=20000000
Dma.ADC1.1.SyncRequestNumber=1
PB14.Signal=SPI2_MISO
PA5.Signal=ADCx_IN10
RCC.PLLSAI1Source=RCC_PLLSAI1SOURCE_HSE
board=custom
RCC.VCOOutputFreq_Value=160000000
ProjectManager.LastFirmware=true
PB15.Mode=TX_Only_Simplex_Unidirect_Master
FDCAN1.AutoRetransmission=ENABLE
RCC.LPTIM3Freq_Value=80000000
NVIC.SavedSystickIrqHandlerGenerated=true
RCC.APB2Freq_Value=80000000
RCC.UART4Freq_Value=80000000
MxCube.Version=6.2.1
RCC.I2C1Freq_Value=80000000
VP_SYS_VS_tim1.Signal=SYS_VS_tim1
PC13.GPIOParameters=GPIO_Label
RCC.FDCANFreq_Value=20000000
Dma.SPI2_TX.0.PeriphDataAlignment=DMA_PDATAALIGN_BYTE
RCC.RNGFreq_Value=48000000
SH.ADCx_IN10.ConfNb=1
RCC.PLLSAI1QoutputFreq_Value=70000000
Mcu.Pin30=VP_USB_DEVICE_VS_USB_DEVICE_CDC_FS
RCC.ADCFreq_Value=17500000
NVIC.NonMaskableInt_IRQn=true\:0\:0\:false\:false\:true\:false\:false\:false
Dma.ADC1.1.PeriphInc=DMA_PINC_DISABLE
ADC1.DMAContinuousRequests=ENABLE
ADC1.NbrOfConversion=3
ADC1.OffsetNumber-2\#ChannelRegularConversion=ADC_OFFSET_NONE
ProjectManager.FreePins=false
RCC.IPParameters=ADCFreq_Value,AHBFreq_Value,APB1Freq_Value,APB1TimFreq_Value,APB2Freq_Value,APB2TimFreq_Value,CK48CLockSelection,CRSFreq_Value,CortexFreq_Value,DFSDMAudioFreq_Value,DFSDMFreq_Value,FCLKCortexFreq_Value,FDCANClockSelection,FDCANFreq_Value,FamilyName,HCLKFreq_Value,HSE_VALUE,HSI48_VALUE,HSICalibrationValue,HSI_VALUE,I2C1Freq_Value,I2C2Freq_Value,I2C3Freq_Value,I2C4Freq_Value,LPTIM1Freq_Value,LPTIM2Freq_Value,LPTIM3Freq_Value,LPUART1Freq_Value,LSCOPinFreq_Value,LSE_VALUE,LSI_VALUE,MCO1PinFreq_Value,MSICalibrationValue,MSI_VALUE,OCTOSPIMFreq_Value,PLLN,PLLPoutputFreq_Value,PLLQ,PLLQoutputFreq_Value,PLLRCLKFreq_Value,PLLSAI1M,PLLSAI1N,PLLSAI1PoutputFreq_Value,PLLSAI1QoutputFreq_Value,PLLSAI1R,PLLSAI1RoutputFreq_Value,PLLSAI1Source,PLLSAI2PoutputFreq_Value,PLLSourceVirtual,PWRFreq_Value,RNGFreq_Value,RTCFreq_Value,SAI1Freq_Value,SAI2Freq_Value,SYSCLKFreq_VALUE,SYSCLKSource,UART4Freq_Value,USART1Freq_Value,USART2Freq_Value,USART3Freq_Value,USBFreq_Value,VCOInput2Freq_Value,VCOInput3Freq_Value,VCOInputFreq_Value,VCOOutputFreq_Value,VCOSAI1OutputFreq_Value,VCOSAI2OutputFreq_Value,WatchDogFreq_Value
IWDG.IPParameters=Prescaler,Window,Reload
ProjectManager.AskForMigrate=true
Mcu.Name=STM32L552C(C-E)Tx
RCC.LPTIM2Freq_Value=80000000
Mcu.Pin26=VP_PWR_VS_DBSignals
VP_ICACHE_VS_ICACHE.Mode=DirectMappedCache
Mcu.Pin27=VP_RCC_USB
NVIC.SavedPendsvIrqHandlerGenerated=true
Mcu.Pin24=VP_ICACHE_VS_ICACHE
ProjectManager.UnderRoot=true
Mcu.Pin25=VP_IWDG_VS_IWDG
PB2.Locked=true
Mcu.IP8=PWR
VP_FREERTOS_VS_CMSIS_V2.Signal=FREERTOS_VS_CMSIS_V2
Mcu.IP9=RCC
Mcu.Pin28=VP_RNG_VS_RNG
Mcu.IP6=IWDG
Mcu.Pin29=VP_SYS_VS_tim1
Mcu.IP7=NVIC
ProjectManager.CoupleFile=false
FDCAN1.DataPrescaler=1
PA4.Signal=ADCx_IN9
ADC1.SamplingTime-1\#ChannelRegularConversion=ADC_SAMPLETIME_2CYCLES_5
Dma.SPI2_TX.0.Priority=DMA_PRIORITY_LOW
FDCAN1.NominalSyncJumpWidth=2
RCC.SYSCLKFreq_VALUE=80000000
PB5.Signal=GPIO_Output
Mcu.Pin22=VP_CRC_VS_CRC
Mcu.Pin23=VP_FREERTOS_VS_CMSIS_V2
PA1.Locked=true
Mcu.Pin20=PB8
ADC1.master=1
Mcu.Pin21=PB9
PA12.Mode=Device
NVIC.ForceEnableDMAVector=true
RCC.PLLSAI2PoutputFreq_Value=4571428.571428572
KeepUserPlacement=false
NVIC.RNG_IRQn=true\:5\:0\:false\:false\:true\:true\:true\:true
PC14-OSC32_IN\ (PC14).Signal=GPIO_Output
NVIC.MemoryManagement_IRQn=true\:0\:0\:false\:false\:true\:false\:false\:false
ProjectManager.CompilerOptimize=6
ADC1.Rank-1\#ChannelRegularConversion=2
PA11.Signal=USB_DM
VP_IWDG_VS_IWDG.Signal=IWDG_VS_IWDG
NVIC.DMA2_Channel1_IRQn=true\:5\:0\:false\:false\:true\:false\:false\:true
PB2.GPIO_Label=LCD_nCS
SH.ADCx_IN10.0=ADC1_IN10,IN10-Single-Ended
ProjectManager.HeapSize=0x4000
Mcu.Pin15=PA11
PA0.GPIOParameters=GPIO_Label
NVIC.HardFault_IRQn=true\:0\:0\:false\:false\:true\:false\:false\:false
Mcu.Pin16=PA12
Mcu.Pin13=PB15
Mcu.Pin14=PA8
Mcu.Pin19=PB7
ProjectManager.ComputerToolchain=false
Mcu.Pin17=PB5
RCC.HSI_VALUE=16000000
Mcu.Pin18=PB6
PC14-OSC32_IN\ (PC14).GPIOParameters=GPIO_Label
RCC.PLLQ=RCC_PLLQ_DIV8
NVIC.PriorityGroup=NVIC_PRIORITYGROUP_3
ADC1.NbrOfConversionFlag=1
Mcu.Pin11=PB13
Mcu.Pin12=PB14
PB8.Mode=FDCAN_Activate
RCC.PLLN=16
Mcu.Pin10=PB12
IWDG.Prescaler=IWDG_PRESCALER_32
PB7.Locked=true
PB8.Signal=FDCAN1_RX
RCC.PWRFreq_Value=80000000
SPI2.DataSize=SPI_DATASIZE_8BIT
NVIC.DMA1_Channel1_IRQn=true\:5\:0\:false\:false\:true\:true\:false\:true
Dma.ADC1.1.EventEnable=DISABLE
Dma.SPI2_TX.0.Direction=DMA_MEMORY_TO_PERIPH
RCC.I2C2Freq_Value=80000000
RCC.VCOInput2Freq_Value=5000000
RCC.APB1Freq_Value=80000000
VP_CRC_VS_CRC.Mode=CRC_Activate
IWDG.Window=4095
USB_DEVICE.VirtualMode=Cdc
ADC1.ClockPrescaler=ADC_CLOCK_ASYNC_DIV256
USB_DEVICE.USBD_MAX_STR_DESC_SIZ=100
ProjectManager.DeviceId=STM32L552CETx
PB12.GPIOParameters=GPIO_Label
PB12.Signal=GPIO_Output
ProjectManager.LibraryCopy=1
isbadioc=false
